
Microsoft Visual Studio Solution File, Format Version 12.00
# Visual Studio Version 16
VisualStudioVersion = 16.0.30204.135
MinimumVisualStudioVersion = 10.0.40219.1
Project("{FAE04EC0-301F-11D3-BF4B-00C04F79EFBC}") = "Hotel Room", "Hotel Room.csproj", "{103C5D21-E5D5-497C-9976-F74ACA215AD8}"
EndProject
Global
	GlobalSection(SolutionConfigurationPlatforms) = preSolution
		Debug|Any CPU = Debug|Any CPU
		Release|Any CPU = Release|Any CPU
	EndGlobalSection
	GlobalSection(ProjectConfigurationPlatforms) = postSolution
		{103C5D21-E5D5-497C-9976-F74ACA215AD8}.Debug|Any CPU.ActiveCfg = Debug|Any CPU
		{103C5D21-E5D5-497C-9976-F74ACA215AD8}.Debug|Any CPU.Build.0 = Debug|Any CPU
		{103C5D21-E5D5-497C-9976-F74ACA215AD8}.Release|Any CPU.ActiveCfg = Release|Any CPU
		{103C5D21-E5D5-497C-9976-F74ACA215AD8}.Release|Any CPU.Build.0 = Release|Any CPU
	EndGlobalSection
	GlobalSection(SolutionProperties) = preSolution
		HideSolutionNode = FALSE
	EndGlobalSection
	GlobalSection(ExtensibilityGlobals) = postSolution
		SolutionGuid = {54A1D1FD-6A74-4A55-8867-1260BE28CB2A}
	EndGlobalSection
EndGlobal
